
Microsoft Visual Studio Solution File, Format Version 12.00
# Visual Studio Version 17
VisualStudioVersion = 17.0.31903.59
MinimumVisualStudioVersion = 10.0.40219.1
Project("{2150E333-8FDC-42A3-9474-1A3956D46DE8}") = "tests", "tests", "{FE030083-B75D-4C9E-BC9E-D1CC52C2F042}"
EndProject
Project("{2150E333-8FDC-42A3-9474-1A3956D46DE8}") = "labs", "labs", "{59BC1FA6-552D-474D-8922-0037BBD0AD56}"
EndProject
Project("{9A19103F-16F7-4668-BE54-9A1E7A4F7556}") = "Flow.Reactive", "src\app\Flow.Reactive\Flow.Reactive.csproj", "{F902EAED-2093-4535-BE11-EAC796EF35B4}"
EndProject
Project("{9A19103F-16F7-4668-BE54-9A1E7A4F7556}") = "Flow.Reactive.Playground", "src\labs\Flow.Reactive.Playground\Flow.Reactive.Playground.csproj", "{F5DA49B0-E5B8-4A64-8C58-25B23543921D}"
EndProject
Project("{2150E333-8FDC-42A3-9474-1A3956D46DE8}") = "src", "src", "{F74DD1A8-CB85-454C-9804-6889C2288A4A}"
EndProject
Project("{9A19103F-16F7-4668-BE54-9A1E7A4F7556}") = "Flow.Reactive.Tests", "src\tests\Flow.Reactive.Tests\Flow.Reactive.Tests.csproj", "{556D6120-95AC-48D6-8470-4E77E835061F}"
EndProject
Project("{9A19103F-16F7-4668-BE54-9A1E7A4F7556}") = "Flow.Reactive.Json", "src\app\Flow.Reactive.Json\Flow.Reactive.Json.csproj", "{15F55C81-7972-4670-8E7E-81896CCD4146}"
EndProject
Project("{9A19103F-16F7-4668-BE54-9A1E7A4F7556}") = "Flow.Reactive.ReactiveProperty", "src\app\Flow.Reactive.ReactiveProperty\Flow.Reactive.ReactiveProperty.csproj", "{4073521B-16E3-4287-BFAF-EA379CAED579}"
EndProject
Project("{9A19103F-16F7-4668-BE54-9A1E7A4F7556}") = "Flow.Reactive.Autofac", "src\app\Flow.Reactive.Autofac\Flow.Reactive.Autofac.csproj", "{4907F1BA-75E4-4437-8A36-92A5AF5559AB}"
EndProject
Project("{9A19103F-16F7-4668-BE54-9A1E7A4F7556}") = "Flow.Reactive.StructureMap", "src\app\Flow.Reactive.StructureMap\Flow.Reactive.StructureMap.csproj", "{C5209900-5D9A-452D-8E06-0C4872343D48}"
EndProject
Project("{9A19103F-16F7-4668-BE54-9A1E7A4F7556}") = "Flow.StructureMap.Console", "src\labs\Flow.StructureMap.Console\Flow.StructureMap.Console.csproj", "{7419FB5E-BF4F-47E1-AB8B-94A0D2587E13}"
EndProject
Project("{9A19103F-16F7-4668-BE54-9A1E7A4F7556}") = "Flow.Reactive.DependencyInjection", "src\app\Flow.Reactive.DependencyInjection\Flow.Reactive.DependencyInjection.csproj", "{2727214D-4659-48CF-9F4C-79978893C52D}"
EndProject
Project("{9A19103F-16F7-4668-BE54-9A1E7A4F7556}") = "Flow.Rx.Extensions", "src\app\Flow.Rx.Extensions\Flow.Rx.Extensions.csproj", "{A38305ED-EE1F-4E78-9C4C-EF939912CA9E}"
EndProject
Project("{9A19103F-16F7-4668-BE54-9A1E7A4F7556}") = "Flow.Wpf", "src\app\Flow.Wpf\Flow.Wpf.csproj", "{71D688E3-E3C3-40A2-B1C4-FF4B7A32810D}"
EndProject
Project("{9A19103F-16F7-4668-BE54-9A1E7A4F7556}") = "Flow.Host", "src\app\Flow.Host\Flow.Host.csproj", "{BD617076-A6B6-4E0C-9395-34E68CD73A4E}"
EndProject
Project("{9A19103F-16F7-4668-BE54-9A1E7A4F7556}") = "Flow.Demo.Wpf", "src\labs\Flow.Demo.Wpf\Flow.Demo.Wpf.csproj", "{24A27D8B-73EC-44AE-BB92-BC9C0C7B41FD}"
EndProject
Project("{9A19103F-16F7-4668-BE54-9A1E7A4F7556}") = "Flow.Reactive.IPC", "src\app\Flow.Reactive.IPC\Flow.Reactive.IPC.csproj", "{B7E294F7-8AFC-4BAA-80A4-94D60C82FE9E}"
EndProject
Project("{9A19103F-16F7-4668-BE54-9A1E7A4F7556}") = "Flow.Reactive.IPC.Console.ApplicationA", "src\labs\Flow.Reactive.IPC.Console.ApplicationA\Flow.Reactive.IPC.Console.ApplicationA.csproj", "{8B0EB860-8D20-441D-9B06-7807A76EBE56}"
EndProject
Project("{9A19103F-16F7-4668-BE54-9A1E7A4F7556}") = "Flow.Reactive.IPC.Console.ApplicationB", "src\labs\Flow.Reactive.IPC.Console.ApplicationB\Flow.Reactive.IPC.Console.ApplicationB.csproj", "{565FA187-8F89-4A1E-A592-6C772FE9CB4A}"
EndProject
Project("{9A19103F-16F7-4668-BE54-9A1E7A4F7556}") = "Flow.Reactive.Logging", "src\app\Flow.Reactive.Logging\Flow.Reactive.Logging.csproj", "{5047EA83-6BC9-480A-AF50-8F1818EAA314}"
EndProject
Project("{9A19103F-16F7-4668-BE54-9A1E7A4F7556}") = "Flow.Reactive.Castle.Windsor", "src\app\Flow.Reactive.Castle.Windsor\Flow.Reactive.Castle.Windsor.csproj", "{F54D1731-BD40-4B1D-8F83-B33EBE3BE2E5}"
EndProject
Project("{2150E333-8FDC-42A3-9474-1A3956D46DE8}") = "IoC", "IoC", "{587A8F86-E431-48EF-AB85-955BE4058E4C}"
EndProject
Project("{9A19103F-16F7-4668-BE54-9A1E7A4F7556}") = "Flow.Castle.Windsor.Console", "src\labs\Flow.Castle.Windsor.Console\Flow.Castle.Windsor.Console.csproj", "{4CA8A244-C7BC-412E-90C8-88A16C0F8787}"
EndProject
Project("{9A19103F-16F7-4668-BE54-9A1E7A4F7556}") = "Flow.Castle.Windsor.Domain", "src\labs\Flow.Castle.Windor.Domain\Flow.Castle.Windsor.Domain.csproj", "{A1507806-68A3-4352-A3E5-836571E80CFC}"
EndProject
Project("{9A19103F-16F7-4668-BE54-9A1E7A4F7556}") = "Flow.Nanos.Lab", "src\labs\Flow.Nanos.Lab\Flow.Nanos.Lab.csproj", "{8CB7599C-B7B7-4CF1-B8C7-C2B4E3655C28}"
EndProject
Global
	GlobalSection(SolutionConfigurationPlatforms) = preSolution
		Debug|Any CPU = Debug|Any CPU
		Release|Any CPU = Release|Any CPU
	EndGlobalSection
	GlobalSection(ProjectConfigurationPlatforms) = postSolution
		{F902EAED-2093-4535-BE11-EAC796EF35B4}.Debug|Any CPU.ActiveCfg = Debug|Any CPU
		{F902EAED-2093-4535-BE11-EAC796EF35B4}.Debug|Any CPU.Build.0 = Debug|Any CPU
		{F902EAED-2093-4535-BE11-EAC796EF35B4}.Release|Any CPU.ActiveCfg = Release|Any CPU
		{F902EAED-2093-4535-BE11-EAC796EF35B4}.Release|Any CPU.Build.0 = Release|Any CPU
		{F5DA49B0-E5B8-4A64-8C58-25B23543921D}.Debug|Any CPU.ActiveCfg = Debug|Any CPU
		{F5DA49B0-E5B8-4A64-8C58-25B23543921D}.Debug|Any CPU.Build.0 = Debug|Any CPU
		{F5DA49B0-E5B8-4A64-8C58-25B23543921D}.Release|Any CPU.ActiveCfg = Release|Any CPU
		{F5DA49B0-E5B8-4A64-8C58-25B23543921D}.Release|Any CPU.Build.0 = Release|Any CPU
		{556D6120-95AC-48D6-8470-4E77E835061F}.Debug|Any CPU.ActiveCfg = Debug|Any CPU
		{556D6120-95AC-48D6-8470-4E77E835061F}.Debug|Any CPU.Build.0 = Debug|Any CPU
		{556D6120-95AC-48D6-8470-4E77E835061F}.Release|Any CPU.ActiveCfg = Release|Any CPU
		{556D6120-95AC-48D6-8470-4E77E835061F}.Release|Any CPU.Build.0 = Release|Any CPU
		{15F55C81-7972-4670-8E7E-81896CCD4146}.Debug|Any CPU.ActiveCfg = Debug|Any CPU
		{15F55C81-7972-4670-8E7E-81896CCD4146}.Debug|Any CPU.Build.0 = Debug|Any CPU
		{15F55C81-7972-4670-8E7E-81896CCD4146}.Release|Any CPU.ActiveCfg = Release|Any CPU
		{15F55C81-7972-4670-8E7E-81896CCD4146}.Release|Any CPU.Build.0 = Release|Any CPU
		{4073521B-16E3-4287-BFAF-EA379CAED579}.Debug|Any CPU.ActiveCfg = Debug|Any CPU
		{4073521B-16E3-4287-BFAF-EA379CAED579}.Debug|Any CPU.Build.0 = Debug|Any CPU
		{4073521B-16E3-4287-BFAF-EA379CAED579}.Release|Any CPU.ActiveCfg = Release|Any CPU
		{4073521B-16E3-4287-BFAF-EA379CAED579}.Release|Any CPU.Build.0 = Release|Any CPU
		{4907F1BA-75E4-4437-8A36-92A5AF5559AB}.Debug|Any CPU.ActiveCfg = Debug|Any CPU
		{4907F1BA-75E4-4437-8A36-92A5AF5559AB}.Debug|Any CPU.Build.0 = Debug|Any CPU
		{4907F1BA-75E4-4437-8A36-92A5AF5559AB}.Release|Any CPU.ActiveCfg = Release|Any CPU
		{4907F1BA-75E4-4437-8A36-92A5AF5559AB}.Release|Any CPU.Build.0 = Release|Any CPU
		{C5209900-5D9A-452D-8E06-0C4872343D48}.Debug|Any CPU.ActiveCfg = Debug|Any CPU
		{C5209900-5D9A-452D-8E06-0C4872343D48}.Debug|Any CPU.Build.0 = Debug|Any CPU
		{C5209900-5D9A-452D-8E06-0C4872343D48}.Release|Any CPU.ActiveCfg = Release|Any CPU
		{C5209900-5D9A-452D-8E06-0C4872343D48}.Release|Any CPU.Build.0 = Release|Any CPU
		{7419FB5E-BF4F-47E1-AB8B-94A0D2587E13}.Debug|Any CPU.ActiveCfg = Debug|Any CPU
		{7419FB5E-BF4F-47E1-AB8B-94A0D2587E13}.Debug|Any CPU.Build.0 = Debug|Any CPU
		{7419FB5E-BF4F-47E1-AB8B-94A0D2587E13}.Release|Any CPU.ActiveCfg = Release|Any CPU
		{7419FB5E-BF4F-47E1-AB8B-94A0D2587E13}.Release|Any CPU.Build.0 = Release|Any CPU
		{2727214D-4659-48CF-9F4C-79978893C52D}.Debug|Any CPU.ActiveCfg = Debug|Any CPU
		{2727214D-4659-48CF-9F4C-79978893C52D}.Debug|Any CPU.Build.0 = Debug|Any CPU
		{2727214D-4659-48CF-9F4C-79978893C52D}.Release|Any CPU.ActiveCfg = Release|Any CPU
		{2727214D-4659-48CF-9F4C-79978893C52D}.Release|Any CPU.Build.0 = Release|Any CPU
		{A38305ED-EE1F-4E78-9C4C-EF939912CA9E}.Debug|Any CPU.ActiveCfg = Debug|Any CPU
		{A38305ED-EE1F-4E78-9C4C-EF939912CA9E}.Debug|Any CPU.Build.0 = Debug|Any CPU
		{A38305ED-EE1F-4E78-9C4C-EF939912CA9E}.Release|Any CPU.ActiveCfg = Release|Any CPU
		{A38305ED-EE1F-4E78-9C4C-EF939912CA9E}.Release|Any CPU.Build.0 = Release|Any CPU
		{71D688E3-E3C3-40A2-B1C4-FF4B7A32810D}.Debug|Any CPU.ActiveCfg = Debug|Any CPU
		{71D688E3-E3C3-40A2-B1C4-FF4B7A32810D}.Debug|Any CPU.Build.0 = Debug|Any CPU
		{71D688E3-E3C3-40A2-B1C4-FF4B7A32810D}.Release|Any CPU.ActiveCfg = Release|Any CPU
		{71D688E3-E3C3-40A2-B1C4-FF4B7A32810D}.Release|Any CPU.Build.0 = Release|Any CPU
		{BD617076-A6B6-4E0C-9395-34E68CD73A4E}.Debug|Any CPU.ActiveCfg = Debug|Any CPU
		{BD617076-A6B6-4E0C-9395-34E68CD73A4E}.Debug|Any CPU.Build.0 = Debug|Any CPU
		{BD617076-A6B6-4E0C-9395-34E68CD73A4E}.Release|Any CPU.ActiveCfg = Release|Any CPU
		{BD617076-A6B6-4E0C-9395-34E68CD73A4E}.Release|Any CPU.Build.0 = Release|Any CPU
		{24A27D8B-73EC-44AE-BB92-BC9C0C7B41FD}.Debug|Any CPU.ActiveCfg = Debug|Any CPU
		{24A27D8B-73EC-44AE-BB92-BC9C0C7B41FD}.Debug|Any CPU.Build.0 = Debug|Any CPU
		{24A27D8B-73EC-44AE-BB92-BC9C0C7B41FD}.Release|Any CPU.ActiveCfg = Release|Any CPU
		{24A27D8B-73EC-44AE-BB92-BC9C0C7B41FD}.Release|Any CPU.Build.0 = Release|Any CPU
		{B7E294F7-8AFC-4BAA-80A4-94D60C82FE9E}.Debug|Any CPU.ActiveCfg = Debug|Any CPU
		{B7E294F7-8AFC-4BAA-80A4-94D60C82FE9E}.Debug|Any CPU.Build.0 = Debug|Any CPU
		{B7E294F7-8AFC-4BAA-80A4-94D60C82FE9E}.Release|Any CPU.ActiveCfg = Release|Any CPU
		{B7E294F7-8AFC-4BAA-80A4-94D60C82FE9E}.Release|Any CPU.Build.0 = Release|Any CPU
		{8B0EB860-8D20-441D-9B06-7807A76EBE56}.Debug|Any CPU.ActiveCfg = Debug|Any CPU
		{8B0EB860-8D20-441D-9B06-7807A76EBE56}.Debug|Any CPU.Build.0 = Debug|Any CPU
		{8B0EB860-8D20-441D-9B06-7807A76EBE56}.Release|Any CPU.ActiveCfg = Release|Any CPU
		{8B0EB860-8D20-441D-9B06-7807A76EBE56}.Release|Any CPU.Build.0 = Release|Any CPU
		{565FA187-8F89-4A1E-A592-6C772FE9CB4A}.Debug|Any CPU.ActiveCfg = Debug|Any CPU
		{565FA187-8F89-4A1E-A592-6C772FE9CB4A}.Debug|Any CPU.Build.0 = Debug|Any CPU
		{565FA187-8F89-4A1E-A592-6C772FE9CB4A}.Release|Any CPU.ActiveCfg = Release|Any CPU
		{565FA187-8F89-4A1E-A592-6C772FE9CB4A}.Release|Any CPU.Build.0 = Release|Any CPU
		{5047EA83-6BC9-480A-AF50-8F1818EAA314}.Debug|Any CPU.ActiveCfg = Debug|Any CPU
		{5047EA83-6BC9-480A-AF50-8F1818EAA314}.Debug|Any CPU.Build.0 = Debug|Any CPU
		{5047EA83-6BC9-480A-AF50-8F1818EAA314}.Release|Any CPU.ActiveCfg = Release|Any CPU
		{5047EA83-6BC9-480A-AF50-8F1818EAA314}.Release|Any CPU.Build.0 = Release|Any CPU
		{F54D1731-BD40-4B1D-8F83-B33EBE3BE2E5}.Debug|Any CPU.ActiveCfg = Debug|Any CPU
		{F54D1731-BD40-4B1D-8F83-B33EBE3BE2E5}.Debug|Any CPU.Build.0 = Debug|Any CPU
		{F54D1731-BD40-4B1D-8F83-B33EBE3BE2E5}.Release|Any CPU.ActiveCfg = Release|Any CPU
		{F54D1731-BD40-4B1D-8F83-B33EBE3BE2E5}.Release|Any CPU.Build.0 = Release|Any CPU
		{4CA8A244-C7BC-412E-90C8-88A16C0F8787}.Debug|Any CPU.ActiveCfg = Debug|Any CPU
		{4CA8A244-C7BC-412E-90C8-88A16C0F8787}.Debug|Any CPU.Build.0 = Debug|Any CPU
		{4CA8A244-C7BC-412E-90C8-88A16C0F8787}.Release|Any CPU.ActiveCfg = Release|Any CPU
		{4CA8A244-C7BC-412E-90C8-88A16C0F8787}.Release|Any CPU.Build.0 = Release|Any CPU
		{A1507806-68A3-4352-A3E5-836571E80CFC}.Debug|Any CPU.ActiveCfg = Debug|Any CPU
		{A1507806-68A3-4352-A3E5-836571E80CFC}.Debug|Any CPU.Build.0 = Debug|Any CPU
		{A1507806-68A3-4352-A3E5-836571E80CFC}.Release|Any CPU.ActiveCfg = Release|Any CPU
		{A1507806-68A3-4352-A3E5-836571E80CFC}.Release|Any CPU.Build.0 = Release|Any CPU
		{8CB7599C-B7B7-4CF1-B8C7-C2B4E3655C28}.Debug|Any CPU.ActiveCfg = Debug|Any CPU
		{8CB7599C-B7B7-4CF1-B8C7-C2B4E3655C28}.Debug|Any CPU.Build.0 = Debug|Any CPU
		{8CB7599C-B7B7-4CF1-B8C7-C2B4E3655C28}.Release|Any CPU.ActiveCfg = Release|Any CPU
		{8CB7599C-B7B7-4CF1-B8C7-C2B4E3655C28}.Release|Any CPU.Build.0 = Release|Any CPU
	EndGlobalSection
	GlobalSection(SolutionProperties) = preSolution
		HideSolutionNode = FALSE
	EndGlobalSection
	GlobalSection(NestedProjects) = preSolution
		{FE030083-B75D-4C9E-BC9E-D1CC52C2F042} = {F74DD1A8-CB85-454C-9804-6889C2288A4A}
		{59BC1FA6-552D-474D-8922-0037BBD0AD56} = {F74DD1A8-CB85-454C-9804-6889C2288A4A}
		{F902EAED-2093-4535-BE11-EAC796EF35B4} = {F74DD1A8-CB85-454C-9804-6889C2288A4A}
		{F5DA49B0-E5B8-4A64-8C58-25B23543921D} = {59BC1FA6-552D-474D-8922-0037BBD0AD56}
		{556D6120-95AC-48D6-8470-4E77E835061F} = {FE030083-B75D-4C9E-BC9E-D1CC52C2F042}
		{15F55C81-7972-4670-8E7E-81896CCD4146} = {F74DD1A8-CB85-454C-9804-6889C2288A4A}
		{4073521B-16E3-4287-BFAF-EA379CAED579} = {F74DD1A8-CB85-454C-9804-6889C2288A4A}
		{4907F1BA-75E4-4437-8A36-92A5AF5559AB} = {587A8F86-E431-48EF-AB85-955BE4058E4C}
		{C5209900-5D9A-452D-8E06-0C4872343D48} = {587A8F86-E431-48EF-AB85-955BE4058E4C}
		{7419FB5E-BF4F-47E1-AB8B-94A0D2587E13} = {59BC1FA6-552D-474D-8922-0037BBD0AD56}
		{2727214D-4659-48CF-9F4C-79978893C52D} = {F74DD1A8-CB85-454C-9804-6889C2288A4A}
		{A38305ED-EE1F-4E78-9C4C-EF939912CA9E} = {F74DD1A8-CB85-454C-9804-6889C2288A4A}
		{71D688E3-E3C3-40A2-B1C4-FF4B7A32810D} = {F74DD1A8-CB85-454C-9804-6889C2288A4A}
		{BD617076-A6B6-4E0C-9395-34E68CD73A4E} = {F74DD1A8-CB85-454C-9804-6889C2288A4A}
		{24A27D8B-73EC-44AE-BB92-BC9C0C7B41FD} = {59BC1FA6-552D-474D-8922-0037BBD0AD56}
		{B7E294F7-8AFC-4BAA-80A4-94D60C82FE9E} = {F74DD1A8-CB85-454C-9804-6889C2288A4A}
		{8B0EB860-8D20-441D-9B06-7807A76EBE56} = {59BC1FA6-552D-474D-8922-0037BBD0AD56}
		{565FA187-8F89-4A1E-A592-6C772FE9CB4A} = {59BC1FA6-552D-474D-8922-0037BBD0AD56}
		{5047EA83-6BC9-480A-AF50-8F1818EAA314} = {F74DD1A8-CB85-454C-9804-6889C2288A4A}
		{F54D1731-BD40-4B1D-8F83-B33EBE3BE2E5} = {587A8F86-E431-48EF-AB85-955BE4058E4C}
		{587A8F86-E431-48EF-AB85-955BE4058E4C} = {F74DD1A8-CB85-454C-9804-6889C2288A4A}
		{4CA8A244-C7BC-412E-90C8-88A16C0F8787} = {59BC1FA6-552D-474D-8922-0037BBD0AD56}
		{A1507806-68A3-4352-A3E5-836571E80CFC} = {59BC1FA6-552D-474D-8922-0037BBD0AD56}
		{8CB7599C-B7B7-4CF1-B8C7-C2B4E3655C28} = {59BC1FA6-552D-474D-8922-0037BBD0AD56}
	EndGlobalSection
	GlobalSection(ExtensibilityGlobals) = postSolution
		SolutionGuid = {DEFE5DB8-E1C6-4F48-AF08-C390901F9E64}
	EndGlobalSection
EndGlobal
